
Microsoft Visual Studio Solution File, Format Version 12.00
# Visual Studio Version 16
VisualStudioVersion = 16.0.31911.196
MinimumVisualStudioVersion = 10.0.40219.1
Project("{159641D6-6404-4A2A-AE62-294DE0FE8301}") = "IF6201_EX2_B97452", "IF6201_EX2_B97452\IF6201_EX2_B97452.dtproj", "{21EBE3C1-5382-45C7-875C-879A3740D841}"
EndProject
Global
	GlobalSection(SolutionConfigurationPlatforms) = preSolution
		Development|Default = Development|Default
	EndGlobalSection
	GlobalSection(ProjectConfigurationPlatforms) = postSolution
		{21EBE3C1-5382-45C7-875C-879A3740D841}.Development|Default.ActiveCfg = Development
		{21EBE3C1-5382-45C7-875C-879A3740D841}.Development|Default.Build.0 = Development
	EndGlobalSection
	GlobalSection(SolutionProperties) = preSolution
		HideSolutionNode = FALSE
	EndGlobalSection
	GlobalSection(ExtensibilityGlobals) = postSolution
		SolutionGuid = {56E8EF59-07CD-4B56-AFBA-42B05C51F8FB}
	EndGlobalSection
EndGlobal
